// !$*UTF8*$!
{
	archiveVersion = 1;
	classes = {
	};
	objectVersion = 46;
	objects = {

/* Begin PBXBuildFile section */
		BBF4E5BABE85ECA5A8D2E044 /* Pods_Lab3_Parse.framework in Frameworks */ = {isa = PBXBuildFile; fileRef = A9411D03932CE7240B1377E0 /* Pods_Lab3_Parse.framework */; };
		BF9EFE5B1DC1C7CB00BE338D /* AppDelegate.swift in Sources */ = {isa = PBXBuildFile; fileRef = BF9EFE5A1DC1C7CB00BE338D /* AppDelegate.swift */; };
		BF9EFE5D1DC1C7CB00BE338D /* LoginViewController.swift in Sources */ = {isa = PBXBuildFile; fileRef = BF9EFE5C1DC1C7CB00BE338D /* LoginViewController.swift */; };
		BF9EFE601DC1C7CB00BE338D /* Main.storyboard in Resources */ = {isa = PBXBuildFile; fileRef = BF9EFE5E1DC1C7CB00BE338D /* Main.storyboard */; };
		BF9EFE621DC1C7CB00BE338D /* Assets.xcassets in Resources */ = {isa = PBXBuildFile; fileRef = BF9EFE611DC1C7CB00BE338D /* Assets.xcassets */; };
		BF9EFE651DC1C7CB00BE338D /* LaunchScreen.storyboard in Resources */ = {isa = PBXBuildFile; fileRef = BF9EFE631DC1C7CB00BE338D /* LaunchScreen.storyboard */; };
		BFC580AA1DC2F2D9002287D6 /* ChatViewController.swift in Sources */ = {isa = PBXBuildFile; fileRef = BFC580A91DC2F2D9002287D6 /* ChatViewController.swift */; };
		BFC580AC1DC33C69002287D6 /* SavedMessageTableViewCell.swift in Sources */ = {isa = PBXBuildFile; fileRef = BFC580AB1DC33C69002287D6 /* SavedMessageTableViewCell.swift */; };
/* End PBXBuildFile section */

/* Begin PBXFileReference section */
		9E5AABFEA0CAF2461D67DB0C /* Pods-Lab3_Parse.debug.xcconfig */ = {isa = PBXFileReference; includeInIndex = 1; lastKnownFileType = text.xcconfig; name = "Pods-Lab3_Parse.debug.xcconfig"; path = "Pods/Target Support Files/Pods-Lab3_Parse/Pods-Lab3_Parse.debug.xcconfig"; sourceTree = "<group>"; };
		A9411D03932CE7240B1377E0 /* Pods_Lab3_Parse.framework */ = {isa = PBXFileReference; explicitFileType = wrapper.framework; includeInIndex = 0; path = Pods_Lab3_Parse.framework; sourceTree = BUILT_PRODUCTS_DIR; };
		BF9EFE571DC1C7CB00BE338D /* Lab3_Parse.app */ = {isa = PBXFileReference; explicitFileType = wrapper.application; includeInIndex = 0; path = Lab3_Parse.app; sourceTree = BUILT_PRODUCTS_DIR; };
		BF9EFE5A1DC1C7CB00BE338D /* AppDelegate.swift */ = {isa = PBXFileReference; lastKnownFileType = sourcecode.swift; path = AppDelegate.swift; sourceTree = "<group>"; };
		BF9EFE5C1DC1C7CB00BE338D /* LoginViewController.swift */ = {isa = PBXFileReference; lastKnownFileType = sourcecode.swift; path = LoginViewController.swift; sourceTree = "<group>"; };
		BF9EFE5F1DC1C7CB00BE338D /* Base */ = {isa = PBXFileReference; lastKnownFileType = file.storyboard; name = Base; path = Base.lproj/Main.storyboard; sourceTree = "<group>"; };
		BF9EFE611DC1C7CB00BE338D /* Assets.xcassets */ = {isa = PBXFileReference; lastKnownFileType = folder.assetcatalog; path = Assets.xcassets; sourceTree = "<group>"; };
		BF9EFE641DC1C7CB00BE338D /* Base */ = {isa = PBXFileReference; lastKnownFileType = file.storyboard; name = Base; path = Base.lproj/LaunchScreen.storyboard; sourceTree = "<group>"; };
		BF9EFE661DC1C7CB00BE338D /* Info.plist */ = {isa = PBXFileReference; lastKnownFileType = text.plist.xml; path = Info.plist; sourceTree = "<group>"; };
		BFC580A91DC2F2D9002287D6 /* ChatViewController.swift */ = {isa = PBXFileReference; fileEncoding = 4; lastKnownFileType = sourcecode.swift; path = ChatViewController.swift; sourceTree = "<group>"; };
		BFC580AB1DC33C69002287D6 /* SavedMessageTableViewCell.swift */ = {isa = PBXFileReference; fileEncoding = 4; lastKnownFileType = sourcecode.swift; path = SavedMessageTableViewCell.swift; sourceTree = "<group>"; };
		F2855C78AEB4B6097B224617 /* Pods-Lab3_Parse.release.xcconfig */ = {isa = PBXFileReference; includeInIndex = 1; lastKnownFileType = text.xcconfig; name = "Pods-Lab3_Parse.release.xcconfig"; path = "Pods/Target Support Files/Pods-Lab3_Parse/Pods-Lab3_Parse.release.xcconfig"; sourceTree = "<group>"; };
/* End PBXFileReference section */

/* Begin PBXFrameworksBuildPhase section */
		BF9EFE541DC1C7CB00BE338D /* Frameworks */ = {
			isa = PBXFrameworksBuildPhase;
			buildActionMask = 2147483647;
			files = (
				BBF4E5BABE85ECA5A8D2E044 /* Pods_Lab3_Parse.framework in Frameworks */,
			);
			runOnlyForDeploymentPostprocessing = 0;
		};
/* End PBXFrameworksBuildPhase section */

/* Begin PBXGroup section */
		7DFC31196DE57185FC79955C /* Pods */ = {
			isa = PBXGroup;
			children = (
				9E5AABFEA0CAF2461D67DB0C /* Pods-Lab3_Parse.debug.xcconfig */,
				F2855C78AEB4B6097B224617 /* Pods-Lab3_Parse.release.xcconfig */,
			);
			name = Pods;
			sourceTree = "<group>";
		};
		BF9EFE4E1DC1C7CB00BE338D = {
			isa = PBXGroup;
			children = (
				BF9EFE591DC1C7CB00BE338D /* Lab3_Parse */,
				BF9EFE581DC1C7CB00BE338D /* Products */,
				7DFC31196DE57185FC79955C /* Pods */,
				E56AAC1833A871F1C9072D2E /* Frameworks */,
			);
			sourceTree = "<group>";
		};
		BF9EFE581DC1C7CB00BE338D /* Products */ = {
			isa = PBXGroup;
			children = (
				BF9EFE571DC1C7CB00BE338D /* Lab3_Parse.app */,
			);
			name = Products;
			sourceTree = "<group>";
		};
		BF9EFE591DC1C7CB00BE338D /* Lab3_Parse */ = {
			isa = PBXGroup;
			children = (
				BF9EFE5A1DC1C7CB00BE338D /* AppDelegate.swift */,
				BF9EFE5C1DC1C7CB00BE338D /* LoginViewController.swift */,
				BFC580A91DC2F2D9002287D6 /* ChatViewController.swift */,
				BFC580AB1DC33C69002287D6 /* SavedMessageTableViewCell.swift */,
				BF9EFE5E1DC1C7CB00BE338D /* Main.storyboard */,
				BF9EFE611DC1C7CB00BE338D /* Assets.xcassets */,
				BF9EFE631DC1C7CB00BE338D /* LaunchScreen.storyboard */,
				BF9EFE661DC1C7CB00BE338D /* Info.plist */,
			);
			path = Lab3_Parse;
			sourceTree = "<group>";
		};
		E56AAC1833A871F1C9072D2E /* Frameworks */ = {
			isa = PBXGroup;
			children = (
				A9411D03932CE7240B1377E0 /* Pods_Lab3_Parse.framework */,
			);
			name = Frameworks;
			sourceTree = "<group>";
		};
/* End PBXGroup section */

/* Begin PBXNativeTarget section */
		BF9EFE561DC1C7CB00BE338D /* Lab3_Parse */ = {
			isa = PBXNativeTarget;
			buildConfigurationList = BF9EFE691DC1C7CB00BE338D /* Build configuration list for PBXNativeTarget "Lab3_Parse" */;
			buildPhases = (
				C847A85D252763B62E5B0AF5 /* [CP] Check Pods Manifest.lock */,
				BF9EFE531DC1C7CB00BE338D /* Sources */,
				BF9EFE541DC1C7CB00BE338D /* Frameworks */,
				BF9EFE551DC1C7CB00BE338D /* Resources */,
				5592F5370E5E4623EDC0C700 /* [CP] Embed Pods Frameworks */,
				6BBAAC22B7D087ED214C5847 /* [CP] Copy Pods Resources */,
			);
			buildRules = (
			);
			dependencies = (
			);
			name = Lab3_Parse;
			productName = Lab3_Parse;
			productReference = BF9EFE571DC1C7CB00BE338D /* Lab3_Parse.app */;
			productType = "com.apple.product-type.application";
		};
/* End PBXNativeTarget section */

/* Begin PBXProject section */
		BF9EFE4F1DC1C7CB00BE338D /* Project object */ = {
			isa = PBXProject;
			attributes = {
				LastSwiftUpdateCheck = 0800;
				LastUpgradeCheck = 0800;
				ORGANIZATIONNAME = "Lu Ao";
				TargetAttributes = {
					BF9EFE561DC1C7CB00BE338D = {
						CreatedOnToolsVersion = 8.0;
						DevelopmentTeam = JC68KFVHSJ;
						ProvisioningStyle = Automatic;
					};
				};
			};
			buildConfigurationList = BF9EFE521DC1C7CB00BE338D /* Build configuration list for PBXProject "Lab3_Parse" */;
			compatibilityVersion = "Xcode 3.2";
			developmentRegion = English;
			hasScannedForEncodings = 0;
			knownRegions = (
				en,
				Base,
			);
			mainGroup = BF9EFE4E1DC1C7CB00BE338D;
			productRefGroup = BF9EFE581DC1C7CB00BE338D /* Products */;
			projectDirPath = "";
			projectRoot = "";
			targets = (
				BF9EFE561DC1C7CB00BE338D /* Lab3_Parse */,
			);
		};
/* End PBXProject section */

/* Begin PBXResourcesBuildPhase section */
		BF9EFE551DC1C7CB00BE338D /* Resources */ = {
			isa = PBXResourcesBuildPhase;
			buildActionMask = 2147483647;
			files = (
				BF9EFE651DC1C7CB00BE338D /* LaunchScreen.storyboard in Resources */,
				BF9EFE621DC1C7CB00BE338D /* Assets.xcassets in Resources */,
				BF9EFE601DC1C7CB00BE338D /* Main.storyboard in Resources */,
			);
			runOnlyForDeploymentPostprocessing = 0;
		};
/* End PBXResourcesBuildPhase section */

/* Begin PBXShellScriptBuildPhase section */
		5592F5370E5E4623EDC0C700 /* [CP] Embed Pods Frameworks */ = {
			isa = PBXShellScriptBuildPhase;
			buildActionMask = 2147483647;
			files = (
			);
			inputPaths = (
			);
			name = "[CP] Embed Pods Frameworks";
			outputPaths = (
			);
			runOnlyForDeploymentPostprocessing = 0;
			shellPath = /bin/sh;
			shellScript = "\"${SRCROOT}/Pods/Target Support Files/Pods-Lab3_Parse/Pods-Lab3_Parse-frameworks.sh\"\n";
			showEnvVarsInLog = 0;
		};
		6BBAAC22B7D087ED214C5847 /* [CP] Copy Pods Resources */ = {
			isa = PBXShellScriptBuildPhase;
			buildActionMask = 2147483647;
			files = (
			);
			inputPaths = (
			);
			name = "[CP] Copy Pods Resources";
			outputPaths = (
			);
			runOnlyForDeploymentPostprocessing = 0;
			shellPath = /bin/sh;
			shellScript = "\"${SRCROOT}/Pods/Target Support Files/Pods-Lab3_Parse/Pods-Lab3_Parse-resources.sh\"\n";
			showEnvVarsInLog = 0;
		};
		C847A85D252763B62E5B0AF5 /* [CP] Check Pods Manifest.lock */ = {
			isa = PBXShellScriptBuildPhase;
			buildActionMask = 2147483647;
			files = (
			);
			inputPaths = (
			);
			name = "[CP] Check Pods Manifest.lock";
			outputPaths = (
			);
			runOnlyForDeploymentPostprocessing = 0;
			shellPath = /bin/sh;
			shellScript = "diff \"${PODS_ROOT}/../Podfile.lock\" \"${PODS_ROOT}/Manifest.lock\" > /dev/null\nif [[ $? != 0 ]] ; then\n    cat << EOM\nerror: The sandbox is not in sync with the Podfile.lock. Run 'pod install' or update your CocoaPods installation.\nEOM\n    exit 1\nfi\n";
			showEnvVarsInLog = 0;
		};
/* End PBXShellScriptBuildPhase section */

/* Begin PBXSourcesBuildPhase section */
		BF9EFE531DC1C7CB00BE338D /* Sources */ = {
			isa = PBXSourcesBuildPhase;
			buildActionMask = 2147483647;
			files = (
				BF9EFE5D1DC1C7CB00BE338D /* LoginViewController.swift in Sources */,
				BFC580AC1DC33C69002287D6 /* SavedMessageTableViewCell.swift in Sources */,
				BFC580AA1DC2F2D9002287D6 /* ChatViewController.swift in Sources */,
				BF9EFE5B1DC1C7CB00BE338D /* AppDelegate.swift in Sources */,
			);
			runOnlyForDeploymentPostprocessing = 0;
		};
/* End PBXSourcesBuildPhase section */

/* Begin PBXVariantGroup section */
		BF9EFE5E1DC1C7CB00BE338D /* Main.storyboard */ = {
			isa = PBXVariantGroup;
			children = (
				BF9EFE5F1DC1C7CB00BE338D /* Base */,
			);
			name = Main.storyboard;
			sourceTree = "<group>";
		};
		BF9EFE631DC1C7CB00BE338D /* LaunchScreen.storyboard */ = {
			isa = PBXVariantGroup;
			children = (
				BF9EFE641DC1C7CB00BE338D /* Base */,
			);
			name = LaunchScreen.storyboard;
			sourceTree = "<group>";
		};
/* End PBXVariantGroup section */

/* Begin XCBuildConfiguration section */
		BF9EFE671DC1C7CB00BE338D /* Debug */ = {
			isa = XCBuildConfiguration;
			buildSettings = {
				ALWAYS_SEARCH_USER_PATHS = NO;
				CLANG_ANALYZER_NONNULL = YES;
				CLANG_CXX_LANGUAGE_STANDARD = "gnu++0x";
				CLANG_CXX_LIBRARY = "libc++";
				CLANG_ENABLE_MODULES = YES;
				CLANG_ENABLE_OBJC_ARC = YES;
				CLANG_WARN_BOOL_CONVERSION = YES;
				CLANG_WARN_CONSTANT_CONVERSION = YES;
				CLANG_WARN_DIRECT_OBJC_ISA_USAGE = YES_ERROR;
				CLANG_WARN_DOCUMENTATION_COMMENTS = YES;
				CLANG_WARN_EMPTY_BODY = YES;
				CLANG_WARN_ENUM_CONVERSION = YES;
				CLANG_WARN_INFINITE_RECURSION = YES;
				CLANG_WARN_INT_CONVERSION = YES;
				CLANG_WARN_OBJC_ROOT_CLASS = YES_ERROR;
				CLANG_WARN_SUSPICIOUS_MOVES = YES;
				CLANG_WARN_UNREACHABLE_CODE = YES;
				CLANG_WARN__DUPLICATE_METHOD_MATCH = YES;
				"CODE_SIGN_IDENTITY[sdk=iphoneos*]" = "iPhone Developer";
				COPY_PHASE_STRIP = NO;
				DEBUG_INFORMATION_FORMAT = dwarf;
				ENABLE_STRICT_OBJC_MSGSEND = YES;
				ENABLE_TESTABILITY = YES;
				GCC_C_LANGUAGE_STANDARD = gnu99;
				GCC_DYNAMIC_NO_PIC = NO;
				GCC_NO_COMMON_BLOCKS = YES;
				GCC_OPTIMIZATION_LEVEL = 0;
				GCC_PREPROCESSOR_DEFINITIONS = (
					"DEBUG=1",
					"$(inherited)",
				);
				GCC_WARN_64_TO_32_BIT_CONVERSION = YES;
				GCC_WARN_ABOUT_RETURN_TYPE = YES_ERROR;
				GCC_WARN_UNDECLARED_SELECTOR = YES;
				GCC_WARN_UNINITIALIZED_AUTOS = YES_AGGRESSIVE;
				GCC_WARN_UNUSED_FUNCTION = YES;
				GCC_WARN_UNUSED_VARIABLE = YES;
				IPHONEOS_DEPLOYMENT_TARGET = 10.0;
				MTL_ENABLE_DEBUG_INFO = YES;
				ONLY_ACTIVE_ARCH = YES;
				SDKROOT = iphoneos;
				SWIFT_ACTIVE_COMPILATION_CONDITIONS = DEBUG;
				SWIFT_OPTIMIZATION_LEVEL = "-Onone";
				TARGETED_DEVICE_FAMILY = "1,2";
			};
			name = Debug;
		};
		BF9EFE681DC1C7CB00BE338D /* Release */ = {
			isa = XCBuildConfiguration;
			buildSettings = {
				ALWAYS_SEARCH_USER_PATHS = NO;
				CLANG_ANALYZER_NONNULL = YES;
				CLANG_CXX_LANGUAGE_STANDARD = "gnu++0x";
				CLANG_CXX_LIBRARY = "libc++";
				CLANG_ENABLE_MODULES = YES;
				CLANG_ENABLE_OBJC_ARC = YES;
				CLANG_WARN_BOOL_CONVERSION = YES;
				CLANG_WARN_CONSTANT_CONVERSION = YES;
				CLANG_WARN_DIRECT_OBJC_ISA_USAGE = YES_ERROR;
				CLANG_WARN_DOCUMENTATION_COMMENTS = YES;
				CLANG_WARN_EMPTY_BODY = YES;
				CLANG_WARN_ENUM_CONVERSION = YES;
				CLANG_WARN_INFINITE_RECURSION = YES;
				CLANG_WARN_INT_CONVERSION = YES;
				CLANG_WARN_OBJC_ROOT_CLASS = YES_ERROR;
				CLANG_WARN_SUSPICIOUS_MOVES = YES;
				CLANG_WARN_UNREACHABLE_CODE = YES;
				CLANG_WARN__DUPLICATE_METHOD_MATCH = YES;
				"CODE_SIGN_IDENTITY[sdk=iphoneos*]" = "iPhone Developer";
				COPY_PHASE_STRIP = NO;
				DEBUG_INFORMATION_FORMAT = "dwarf-with-dsym";
				ENABLE_NS_ASSERTIONS = NO;
				ENABLE_STRICT_OBJC_MSGSEND = YES;
				GCC_C_LANGUAGE_STANDARD = gnu99;
				GCC_NO_COMMON_BLOCKS = YES;
				GCC_WARN_64_TO_32_BIT_CONVERSION = YES;
				GCC_WARN_ABOUT_RETURN_TYPE = YES_ERROR;
				GCC_WARN_UNDECLARED_SELECTOR = YES;
				GCC_WARN_UNINITIALIZED_AUTOS = YES_AGGRESSIVE;
				GCC_WARN_UNUSED_FUNCTION = YES;
				GCC_WARN_UNUSED_VARIABLE = YES;
				IPHONEOS_DEPLOYMENT_TARGET = 10.0;
				MTL_ENABLE_DEBUG_INFO = NO;
				SDKROOT = iphoneos;
				SWIFT_OPTIMIZATION_LEVEL = "-Owholemodule";
				TARGETED_DEVICE_FAMILY = "1,2";
				VALIDATE_PRODUCT = YES;
			};
			name = Release;
		};
		BF9EFE6A1DC1C7CB00BE338D /* Debug */ = {
			isa = XCBuildConfiguration;
			baseConfigurationReference = 9E5AABFEA0CAF2461D67DB0C /* Pods-Lab3_Parse.debug.xcconfig */;
			buildSettings = {
				ASSETCATALOG_COMPILER_APPICON_NAME = AppIcon;
				DEVELOPMENT_TEAM = JC68KFVHSJ;
				INFOPLIST_FILE = Lab3_Parse/Info.plist;
				LD_RUNPATH_SEARCH_PATHS = "$(inherited) @executable_path/Frameworks";
				PRODUCT_BUNDLE_IDENTIFIER = "Louis.Lab3-Parse";
				PRODUCT_NAME = "$(TARGET_NAME)";
				SWIFT_VERSION = 3.0;
			};
			name = Debug;
		};
		BF9EFE6B1DC1C7CB00BE338D /* Release */ = {
			isa = XCBuildConfiguration;
			baseConfigurationReference = F2855C78AEB4B6097B224617 /* Pods-Lab3_Parse.release.xcconfig */;
			buildSettings = {
				ASSETCATALOG_COMPILER_APPICON_NAME = AppIcon;
				DEVELOPMENT_TEAM = JC68KFVHSJ;
				INFOPLIST_FILE = Lab3_Parse/Info.plist;
				LD_RUNPATH_SEARCH_PATHS = "$(inherited) @executable_path/Frameworks";
				PRODUCT_BUNDLE_IDENTIFIER = "Louis.Lab3-Parse";
				PRODUCT_NAME = "$(TARGET_NAME)";
				SWIFT_VERSION = 3.0;
			};
			name = Release;
		};
/* End XCBuildConfiguration section */

/* Begin XCConfigurationList section */
		BF9EFE521DC1C7CB00BE338D /* Build configuration list for PBXProject "Lab3_Parse" */ = {
			isa = XCConfigurationList;
			buildConfigurations = (
				BF9EFE671DC1C7CB00BE338D /* Debug */,
				BF9EFE681DC1C7CB00BE338D /* Release */,
			);
			defaultConfigurationIsVisible = 0;
			defaultConfigurationName = Release;
		};
		BF9EFE691DC1C7CB00BE338D /* Build configuration list for PBXNativeTarget "Lab3_Parse" */ = {
			isa = XCConfigurationList;
			buildConfigurations = (
				BF9EFE6A1DC1C7CB00BE338D /* Debug */,
				BF9EFE6B1DC1C7CB00BE338D /* Release */,
			);
			defaultConfigurationIsVisible = 0;
			defaultConfigurationName = Release;
		};
/* End XCConfigurationList section */
	};
	rootObject = BF9EFE4F1DC1C7CB00BE338D /* Project object */;
}
